
Microsoft Visual Studio Solution File, Format Version 12.00
# Visual Studio Version 16
VisualStudioVersion = 16.0.33801.447
MinimumVisualStudioVersion = 10.0.40219.1
Project("{9A19103F-16F7-4668-BE54-9A1E7A4F7556}") = "1. Ranking", "1. Ranking\1. Ranking.csproj", "{7D24C095-697A-49BC-A38E-D03ED393B3E1}"
EndProject
Project("{9A19103F-16F7-4668-BE54-9A1E7A4F7556}") = "2. Judge", "2. Judge\2. Judge.csproj", "{6ACEFA18-4D4B-492C-B456-12260CEC29A3}"
EndProject
Project("{9A19103F-16F7-4668-BE54-9A1E7A4F7556}") = "3. MOBA Challenger", "3. MOBA Challenger\3. MOBA Challenger.csproj", "{9B71B830-98DA-4499-BD47-61954473F845}"
EndProject
Project("{9A19103F-16F7-4668-BE54-9A1E7A4F7556}") = "4. Snowwhite", "4. Snowwhite\4. Snowwhite.csproj", "{3BF59B93-8372-4CE6-9221-E1B6976BD671}"
EndProject
Project("{FAE04EC0-301F-11D3-BF4B-00C04F79EFBC}") = "5. Dragon Army", "5. Dragon Army\5. Dragon Army.csproj", "{6818F143-24B3-49D4-AF8B-EA3415DE859C}"
EndProject
Global
	GlobalSection(SolutionConfigurationPlatforms) = preSolution
		Debug|Any CPU = Debug|Any CPU
		Release|Any CPU = Release|Any CPU
	EndGlobalSection
	GlobalSection(ProjectConfigurationPlatforms) = postSolution
		{7D24C095-697A-49BC-A38E-D03ED393B3E1}.Debug|Any CPU.ActiveCfg = Debug|Any CPU
		{7D24C095-697A-49BC-A38E-D03ED393B3E1}.Debug|Any CPU.Build.0 = Debug|Any CPU
		{7D24C095-697A-49BC-A38E-D03ED393B3E1}.Release|Any CPU.ActiveCfg = Release|Any CPU
		{7D24C095-697A-49BC-A38E-D03ED393B3E1}.Release|Any CPU.Build.0 = Release|Any CPU
		{6ACEFA18-4D4B-492C-B456-12260CEC29A3}.Debug|Any CPU.ActiveCfg = Debug|Any CPU
		{6ACEFA18-4D4B-492C-B456-12260CEC29A3}.Debug|Any CPU.Build.0 = Debug|Any CPU
		{6ACEFA18-4D4B-492C-B456-12260CEC29A3}.Release|Any CPU.ActiveCfg = Release|Any CPU
		{6ACEFA18-4D4B-492C-B456-12260CEC29A3}.Release|Any CPU.Build.0 = Release|Any CPU
		{9B71B830-98DA-4499-BD47-61954473F845}.Debug|Any CPU.ActiveCfg = Debug|Any CPU
		{9B71B830-98DA-4499-BD47-61954473F845}.Debug|Any CPU.Build.0 = Debug|Any CPU
		{9B71B830-98DA-4499-BD47-61954473F845}.Release|Any CPU.ActiveCfg = Release|Any CPU
		{9B71B830-98DA-4499-BD47-61954473F845}.Release|Any CPU.Build.0 = Release|Any CPU
		{3BF59B93-8372-4CE6-9221-E1B6976BD671}.Debug|Any CPU.ActiveCfg = Debug|Any CPU
		{3BF59B93-8372-4CE6-9221-E1B6976BD671}.Debug|Any CPU.Build.0 = Debug|Any CPU
		{3BF59B93-8372-4CE6-9221-E1B6976BD671}.Release|Any CPU.ActiveCfg = Release|Any CPU
		{3BF59B93-8372-4CE6-9221-E1B6976BD671}.Release|Any CPU.Build.0 = Release|Any CPU
		{6818F143-24B3-49D4-AF8B-EA3415DE859C}.Debug|Any CPU.ActiveCfg = Debug|Any CPU
		{6818F143-24B3-49D4-AF8B-EA3415DE859C}.Debug|Any CPU.Build.0 = Debug|Any CPU
		{6818F143-24B3-49D4-AF8B-EA3415DE859C}.Release|Any CPU.ActiveCfg = Release|Any CPU
		{6818F143-24B3-49D4-AF8B-EA3415DE859C}.Release|Any CPU.Build.0 = Release|Any CPU
	EndGlobalSection
	GlobalSection(SolutionProperties) = preSolution
		HideSolutionNode = FALSE
	EndGlobalSection
	GlobalSection(ExtensibilityGlobals) = postSolution
		SolutionGuid = {11FB601C-9212-4679-8272-28BCF648F9EB}
	EndGlobalSection
EndGlobal
